
Microsoft Visual Studio Solution File, Format Version 12.00
# Visual Studio Version 17
VisualStudioVersion = 17.5.002.0
MinimumVisualStudioVersion = 10.0.40219.1
Project("{9A19103F-16F7-4668-BE54-9A1E7A4F7556}") = "FastLane", "FastLane.csproj", "{981AC006-348A-4DC5-A7BE-F2263B2CAF29}"
EndProject
Global
	GlobalSection(SolutionConfigurationPlatforms) = preSolution
		Debug|Any CPU = Debug|Any CPU
		Release|Any CPU = Release|Any CPU
	EndGlobalSection
	GlobalSection(ProjectConfigurationPlatforms) = postSolution
		{981AC006-348A-4DC5-A7BE-F2263B2CAF29}.Debug|Any CPU.ActiveCfg = Debug|Any CPU
		{981AC006-348A-4DC5-A7BE-F2263B2CAF29}.Debug|Any CPU.Build.0 = Debug|Any CPU
		{981AC006-348A-4DC5-A7BE-F2263B2CAF29}.Release|Any CPU.ActiveCfg = Release|Any CPU
		{981AC006-348A-4DC5-A7BE-F2263B2CAF29}.Release|Any CPU.Build.0 = Release|Any CPU
	EndGlobalSection
	GlobalSection(SolutionProperties) = preSolution
		HideSolutionNode = FALSE
	EndGlobalSection
	GlobalSection(ExtensibilityGlobals) = postSolution
		SolutionGuid = {1BBB4500-33B6-4FF8-A748-BD3EEAB908FB}
	EndGlobalSection
EndGlobal
